
Microsoft Visual Studio Solution File, Format Version 12.00
# Visual Studio Version 16
VisualStudioVersion = 16.0.28803.352
MinimumVisualStudioVersion = 10.0.40219.1
Project("{9A19103F-16F7-4668-BE54-9A1E7A4F7556}") = "Shop.Common", "Shop.Common\Shop.Common.csproj", "{1AC8B4A7-B6D3-486D-A0F4-265D7CA5C201}"
EndProject
Project("{2150E333-8FDC-42A3-9474-1A3956D46DE8}") = "Backend", "Backend", "{DDDAC4F8-1F6E-47F1-A63A-1F7AEACA85ED}"
EndProject
Project("{2150E333-8FDC-42A3-9474-1A3956D46DE8}") = "Frontend", "Frontend", "{1091A566-607E-456F-BEF7-E155BDF2313F}"
EndProject
Project("{9A19103F-16F7-4668-BE54-9A1E7A4F7556}") = "Shop.Web", "Shop.Web\Shop.Web.csproj", "{0A5DB520-00D8-4424-B588-76131739C56E}"
EndProject
Project("{2150E333-8FDC-42A3-9474-1A3956D46DE8}") = "Forms", "Forms", "{57769502-DDCD-4DC2-9C10-E677B9921EAD}"
EndProject
Project("{2150E333-8FDC-42A3-9474-1A3956D46DE8}") = "Classic", "Classic", "{CF76AF66-5ECC-4EF2-B336-BCDE9EC06C24}"
EndProject
Project("{FAE04EC0-301F-11D3-BF4B-00C04F79EFBC}") = "Shop.UIForms.Android", "Shop.UIForms\Shop.UIForms.Android\Shop.UIForms.Android.csproj", "{96B98743-AE13-4F7B-9446-7E6F752CCE65}"
EndProject
Project("{FAE04EC0-301F-11D3-BF4B-00C04F79EFBC}") = "Shop.UIForms.iOS", "Shop.UIForms\Shop.UIForms.iOS\Shop.UIForms.iOS.csproj", "{67DDE77D-566E-4AC3-8C21-D31E5FFE28E6}"
EndProject
Project("{9A19103F-16F7-4668-BE54-9A1E7A4F7556}") = "Shop.UIForms", "Shop.UIForms\Shop.UIForms\Shop.UIForms.csproj", "{CED81B24-350D-47D8-85C2-EA0653ED63BE}"
EndProject
Project("{9A19103F-16F7-4668-BE54-9A1E7A4F7556}") = "Shop.UIClassic", "Shop.UIClassic\Shop.UIClassic.csproj", "{7076D5A5-771B-49A1-ADF0-219A922E8BBD}"
EndProject
Project("{FAE04EC0-301F-11D3-BF4B-00C04F79EFBC}") = "Shop.UIClassic.iOS", "Shop.UIClassic.iOS\Shop.UIClassic.iOS.csproj", "{991983A1-0974-45DB-9461-B3FC3677AE71}"
EndProject
Project("{FAE04EC0-301F-11D3-BF4B-00C04F79EFBC}") = "Shop.UIClassic.Android", "Shop.UIClassic.Android\Shop.UIClassic.Android.csproj", "{90CBDD6E-4313-4D71-85F9-55D70B24D09A}"
EndProject
Global
	GlobalSection(SolutionConfigurationPlatforms) = preSolution
		Debug|Any CPU = Debug|Any CPU
		Debug|iPhone = Debug|iPhone
		Debug|iPhoneSimulator = Debug|iPhoneSimulator
		Release|Any CPU = Release|Any CPU
		Release|iPhone = Release|iPhone
		Release|iPhoneSimulator = Release|iPhoneSimulator
	EndGlobalSection
	GlobalSection(ProjectConfigurationPlatforms) = postSolution
		{1AC8B4A7-B6D3-486D-A0F4-265D7CA5C201}.Debug|Any CPU.ActiveCfg = Debug|Any CPU
		{1AC8B4A7-B6D3-486D-A0F4-265D7CA5C201}.Debug|Any CPU.Build.0 = Debug|Any CPU
		{1AC8B4A7-B6D3-486D-A0F4-265D7CA5C201}.Debug|iPhone.ActiveCfg = Debug|Any CPU
		{1AC8B4A7-B6D3-486D-A0F4-265D7CA5C201}.Debug|iPhone.Build.0 = Debug|Any CPU
		{1AC8B4A7-B6D3-486D-A0F4-265D7CA5C201}.Debug|iPhoneSimulator.ActiveCfg = Debug|Any CPU
		{1AC8B4A7-B6D3-486D-A0F4-265D7CA5C201}.Debug|iPhoneSimulator.Build.0 = Debug|Any CPU
		{1AC8B4A7-B6D3-486D-A0F4-265D7CA5C201}.Release|Any CPU.ActiveCfg = Release|Any CPU
		{1AC8B4A7-B6D3-486D-A0F4-265D7CA5C201}.Release|Any CPU.Build.0 = Release|Any CPU
		{1AC8B4A7-B6D3-486D-A0F4-265D7CA5C201}.Release|iPhone.ActiveCfg = Release|Any CPU
		{1AC8B4A7-B6D3-486D-A0F4-265D7CA5C201}.Release|iPhone.Build.0 = Release|Any CPU
		{1AC8B4A7-B6D3-486D-A0F4-265D7CA5C201}.Release|iPhoneSimulator.ActiveCfg = Release|Any CPU
		{1AC8B4A7-B6D3-486D-A0F4-265D7CA5C201}.Release|iPhoneSimulator.Build.0 = Release|Any CPU
		{0A5DB520-00D8-4424-B588-76131739C56E}.Debug|Any CPU.ActiveCfg = Debug|Any CPU
		{0A5DB520-00D8-4424-B588-76131739C56E}.Debug|Any CPU.Build.0 = Debug|Any CPU
		{0A5DB520-00D8-4424-B588-76131739C56E}.Debug|iPhone.ActiveCfg = Debug|Any CPU
		{0A5DB520-00D8-4424-B588-76131739C56E}.Debug|iPhone.Build.0 = Debug|Any CPU
		{0A5DB520-00D8-4424-B588-76131739C56E}.Debug|iPhoneSimulator.ActiveCfg = Debug|Any CPU
		{0A5DB520-00D8-4424-B588-76131739C56E}.Debug|iPhoneSimulator.Build.0 = Debug|Any CPU
		{0A5DB520-00D8-4424-B588-76131739C56E}.Release|Any CPU.ActiveCfg = Release|Any CPU
		{0A5DB520-00D8-4424-B588-76131739C56E}.Release|Any CPU.Build.0 = Release|Any CPU
		{0A5DB520-00D8-4424-B588-76131739C56E}.Release|iPhone.ActiveCfg = Release|Any CPU
		{0A5DB520-00D8-4424-B588-76131739C56E}.Release|iPhone.Build.0 = Release|Any CPU
		{0A5DB520-00D8-4424-B588-76131739C56E}.Release|iPhoneSimulator.ActiveCfg = Release|Any CPU
		{0A5DB520-00D8-4424-B588-76131739C56E}.Release|iPhoneSimulator.Build.0 = Release|Any CPU
		{96B98743-AE13-4F7B-9446-7E6F752CCE65}.Debug|Any CPU.ActiveCfg = Debug|Any CPU
		{96B98743-AE13-4F7B-9446-7E6F752CCE65}.Debug|Any CPU.Build.0 = Debug|Any CPU
		{96B98743-AE13-4F7B-9446-7E6F752CCE65}.Debug|Any CPU.Deploy.0 = Debug|Any CPU
		{96B98743-AE13-4F7B-9446-7E6F752CCE65}.Debug|iPhone.ActiveCfg = Debug|Any CPU
		{96B98743-AE13-4F7B-9446-7E6F752CCE65}.Debug|iPhone.Build.0 = Debug|Any CPU
		{96B98743-AE13-4F7B-9446-7E6F752CCE65}.Debug|iPhone.Deploy.0 = Debug|Any CPU
		{96B98743-AE13-4F7B-9446-7E6F752CCE65}.Debug|iPhoneSimulator.ActiveCfg = Debug|Any CPU
		{96B98743-AE13-4F7B-9446-7E6F752CCE65}.Debug|iPhoneSimulator.Build.0 = Debug|Any CPU
		{96B98743-AE13-4F7B-9446-7E6F752CCE65}.Debug|iPhoneSimulator.Deploy.0 = Debug|Any CPU
		{96B98743-AE13-4F7B-9446-7E6F752CCE65}.Release|Any CPU.ActiveCfg = Release|Any CPU
		{96B98743-AE13-4F7B-9446-7E6F752CCE65}.Release|Any CPU.Build.0 = Release|Any CPU
		{96B98743-AE13-4F7B-9446-7E6F752CCE65}.Release|Any CPU.Deploy.0 = Release|Any CPU
		{96B98743-AE13-4F7B-9446-7E6F752CCE65}.Release|iPhone.ActiveCfg = Release|Any CPU
		{96B98743-AE13-4F7B-9446-7E6F752CCE65}.Release|iPhone.Build.0 = Release|Any CPU
		{96B98743-AE13-4F7B-9446-7E6F752CCE65}.Release|iPhone.Deploy.0 = Release|Any CPU
		{96B98743-AE13-4F7B-9446-7E6F752CCE65}.Release|iPhoneSimulator.ActiveCfg = Release|Any CPU
		{96B98743-AE13-4F7B-9446-7E6F752CCE65}.Release|iPhoneSimulator.Build.0 = Release|Any CPU
		{96B98743-AE13-4F7B-9446-7E6F752CCE65}.Release|iPhoneSimulator.Deploy.0 = Release|Any CPU
		{67DDE77D-566E-4AC3-8C21-D31E5FFE28E6}.Debug|Any CPU.ActiveCfg = Debug|iPhone
		{67DDE77D-566E-4AC3-8C21-D31E5FFE28E6}.Debug|iPhone.ActiveCfg = Debug|iPhone
		{67DDE77D-566E-4AC3-8C21-D31E5FFE28E6}.Debug|iPhone.Build.0 = Debug|iPhone
		{67DDE77D-566E-4AC3-8C21-D31E5FFE28E6}.Debug|iPhoneSimulator.ActiveCfg = Debug|iPhoneSimulator
		{67DDE77D-566E-4AC3-8C21-D31E5FFE28E6}.Debug|iPhoneSimulator.Build.0 = Debug|iPhoneSimulator
		{67DDE77D-566E-4AC3-8C21-D31E5FFE28E6}.Release|Any CPU.ActiveCfg = Release|iPhone
		{67DDE77D-566E-4AC3-8C21-D31E5FFE28E6}.Release|iPhone.ActiveCfg = Release|iPhone
		{67DDE77D-566E-4AC3-8C21-D31E5FFE28E6}.Release|iPhone.Build.0 = Release|iPhone
		{67DDE77D-566E-4AC3-8C21-D31E5FFE28E6}.Release|iPhoneSimulator.ActiveCfg = Release|iPhoneSimulator
		{67DDE77D-566E-4AC3-8C21-D31E5FFE28E6}.Release|iPhoneSimulator.Build.0 = Release|iPhoneSimulator
		{CED81B24-350D-47D8-85C2-EA0653ED63BE}.Debug|Any CPU.ActiveCfg = Debug|Any CPU
		{CED81B24-350D-47D8-85C2-EA0653ED63BE}.Debug|Any CPU.Build.0 = Debug|Any CPU
		{CED81B24-350D-47D8-85C2-EA0653ED63BE}.Debug|iPhone.ActiveCfg = Debug|Any CPU
		{CED81B24-350D-47D8-85C2-EA0653ED63BE}.Debug|iPhone.Build.0 = Debug|Any CPU
		{CED81B24-350D-47D8-85C2-EA0653ED63BE}.Debug|iPhoneSimulator.ActiveCfg = Debug|Any CPU
		{CED81B24-350D-47D8-85C2-EA0653ED63BE}.Debug|iPhoneSimulator.Build.0 = Debug|Any CPU
		{CED81B24-350D-47D8-85C2-EA0653ED63BE}.Release|Any CPU.ActiveCfg = Release|Any CPU
		{CED81B24-350D-47D8-85C2-EA0653ED63BE}.Release|Any CPU.Build.0 = Release|Any CPU
		{CED81B24-350D-47D8-85C2-EA0653ED63BE}.Release|iPhone.ActiveCfg = Release|Any CPU
		{CED81B24-350D-47D8-85C2-EA0653ED63BE}.Release|iPhone.Build.0 = Release|Any CPU
		{CED81B24-350D-47D8-85C2-EA0653ED63BE}.Release|iPhoneSimulator.ActiveCfg = Release|Any CPU
		{CED81B24-350D-47D8-85C2-EA0653ED63BE}.Release|iPhoneSimulator.Build.0 = Release|Any CPU
		{7076D5A5-771B-49A1-ADF0-219A922E8BBD}.Debug|Any CPU.ActiveCfg = Debug|Any CPU
		{7076D5A5-771B-49A1-ADF0-219A922E8BBD}.Debug|Any CPU.Build.0 = Debug|Any CPU
		{7076D5A5-771B-49A1-ADF0-219A922E8BBD}.Debug|iPhone.ActiveCfg = Debug|Any CPU
		{7076D5A5-771B-49A1-ADF0-219A922E8BBD}.Debug|iPhone.Build.0 = Debug|Any CPU
		{7076D5A5-771B-49A1-ADF0-219A922E8BBD}.Debug|iPhoneSimulator.ActiveCfg = Debug|Any CPU
		{7076D5A5-771B-49A1-ADF0-219A922E8BBD}.Debug|iPhoneSimulator.Build.0 = Debug|Any CPU
		{7076D5A5-771B-49A1-ADF0-219A922E8BBD}.Release|Any CPU.ActiveCfg = Release|Any CPU
		{7076D5A5-771B-49A1-ADF0-219A922E8BBD}.Release|Any CPU.Build.0 = Release|Any CPU
		{7076D5A5-771B-49A1-ADF0-219A922E8BBD}.Release|iPhone.ActiveCfg = Release|Any CPU
		{7076D5A5-771B-49A1-ADF0-219A922E8BBD}.Release|iPhone.Build.0 = Release|Any CPU
		{7076D5A5-771B-49A1-ADF0-219A922E8BBD}.Release|iPhoneSimulator.ActiveCfg = Release|Any CPU
		{7076D5A5-771B-49A1-ADF0-219A922E8BBD}.Release|iPhoneSimulator.Build.0 = Release|Any CPU
		{991983A1-0974-45DB-9461-B3FC3677AE71}.Debug|Any CPU.ActiveCfg = Debug|iPhone
		{991983A1-0974-45DB-9461-B3FC3677AE71}.Debug|iPhone.ActiveCfg = Debug|iPhone
		{991983A1-0974-45DB-9461-B3FC3677AE71}.Debug|iPhone.Build.0 = Debug|iPhone
		{991983A1-0974-45DB-9461-B3FC3677AE71}.Debug|iPhoneSimulator.ActiveCfg = Debug|iPhoneSimulator
		{991983A1-0974-45DB-9461-B3FC3677AE71}.Debug|iPhoneSimulator.Build.0 = Debug|iPhoneSimulator
		{991983A1-0974-45DB-9461-B3FC3677AE71}.Release|Any CPU.ActiveCfg = Release|iPhone
		{991983A1-0974-45DB-9461-B3FC3677AE71}.Release|iPhone.ActiveCfg = Release|iPhone
		{991983A1-0974-45DB-9461-B3FC3677AE71}.Release|iPhone.Build.0 = Release|iPhone
		{991983A1-0974-45DB-9461-B3FC3677AE71}.Release|iPhoneSimulator.ActiveCfg = Release|iPhoneSimulator
		{991983A1-0974-45DB-9461-B3FC3677AE71}.Release|iPhoneSimulator.Build.0 = Release|iPhoneSimulator
		{90CBDD6E-4313-4D71-85F9-55D70B24D09A}.Debug|Any CPU.ActiveCfg = Debug|Any CPU
		{90CBDD6E-4313-4D71-85F9-55D70B24D09A}.Debug|Any CPU.Build.0 = Debug|Any CPU
		{90CBDD6E-4313-4D71-85F9-55D70B24D09A}.Debug|Any CPU.Deploy.0 = Debug|Any CPU
		{90CBDD6E-4313-4D71-85F9-55D70B24D09A}.Debug|iPhone.ActiveCfg = Debug|Any CPU
		{90CBDD6E-4313-4D71-85F9-55D70B24D09A}.Debug|iPhone.Build.0 = Debug|Any CPU
		{90CBDD6E-4313-4D71-85F9-55D70B24D09A}.Debug|iPhone.Deploy.0 = Debug|Any CPU
		{90CBDD6E-4313-4D71-85F9-55D70B24D09A}.Debug|iPhoneSimulator.ActiveCfg = Debug|Any CPU
		{90CBDD6E-4313-4D71-85F9-55D70B24D09A}.Debug|iPhoneSimulator.Build.0 = Debug|Any CPU
		{90CBDD6E-4313-4D71-85F9-55D70B24D09A}.Debug|iPhoneSimulator.Deploy.0 = Debug|Any CPU
		{90CBDD6E-4313-4D71-85F9-55D70B24D09A}.Release|Any CPU.ActiveCfg = Release|Any CPU
		{90CBDD6E-4313-4D71-85F9-55D70B24D09A}.Release|Any CPU.Build.0 = Release|Any CPU
		{90CBDD6E-4313-4D71-85F9-55D70B24D09A}.Release|Any CPU.Deploy.0 = Release|Any CPU
		{90CBDD6E-4313-4D71-85F9-55D70B24D09A}.Release|iPhone.ActiveCfg = Release|Any CPU
		{90CBDD6E-4313-4D71-85F9-55D70B24D09A}.Release|iPhone.Build.0 = Release|Any CPU
		{90CBDD6E-4313-4D71-85F9-55D70B24D09A}.Release|iPhone.Deploy.0 = Release|Any CPU
		{90CBDD6E-4313-4D71-85F9-55D70B24D09A}.Release|iPhoneSimulator.ActiveCfg = Release|Any CPU
		{90CBDD6E-4313-4D71-85F9-55D70B24D09A}.Release|iPhoneSimulator.Build.0 = Release|Any CPU
		{90CBDD6E-4313-4D71-85F9-55D70B24D09A}.Release|iPhoneSimulator.Deploy.0 = Release|Any CPU
	EndGlobalSection
	GlobalSection(SolutionProperties) = preSolution
		HideSolutionNode = FALSE
	EndGlobalSection
	GlobalSection(NestedProjects) = preSolution
		{0A5DB520-00D8-4424-B588-76131739C56E} = {DDDAC4F8-1F6E-47F1-A63A-1F7AEACA85ED}
		{57769502-DDCD-4DC2-9C10-E677B9921EAD} = {1091A566-607E-456F-BEF7-E155BDF2313F}
		{CF76AF66-5ECC-4EF2-B336-BCDE9EC06C24} = {1091A566-607E-456F-BEF7-E155BDF2313F}
		{96B98743-AE13-4F7B-9446-7E6F752CCE65} = {57769502-DDCD-4DC2-9C10-E677B9921EAD}
		{67DDE77D-566E-4AC3-8C21-D31E5FFE28E6} = {57769502-DDCD-4DC2-9C10-E677B9921EAD}
		{CED81B24-350D-47D8-85C2-EA0653ED63BE} = {57769502-DDCD-4DC2-9C10-E677B9921EAD}
		{7076D5A5-771B-49A1-ADF0-219A922E8BBD} = {CF76AF66-5ECC-4EF2-B336-BCDE9EC06C24}
		{991983A1-0974-45DB-9461-B3FC3677AE71} = {CF76AF66-5ECC-4EF2-B336-BCDE9EC06C24}
		{90CBDD6E-4313-4D71-85F9-55D70B24D09A} = {CF76AF66-5ECC-4EF2-B336-BCDE9EC06C24}
	EndGlobalSection
	GlobalSection(ExtensibilityGlobals) = postSolution
		SolutionGuid = {CA960010-E93D-4BCA-B614-9059712FF71D}
	EndGlobalSection
EndGlobal
